{
  "version": 4,
  "terraform_version": "1.7.5",
  "serial": 7,
  "lineage": "375bff08-13b9-3ebb-bf7c-e358fd8f88ce",
  "outputs": {},
  "resources": [
    {
      "mode": "data",
      "type": "aws_iam_role",
      "name": "medusa_role",
      "provider": "provider[\"registry.terraform.io/hashicorp/aws\"]",
      "instances": [
        {
          "schema_version": 0,
          "attributes": {
            "arn": "arn:aws:iam::428442514482:role/medusa-execution-role",
            "assume_role_policy": "{\"Version\":\"2012-10-17\",\"Statement\":[{\"Effect\":\"Allow\",\"Principal\":{\"Service\":\"ecs-tasks.amazonaws.com\"},\"Action\":\"sts:AssumeRole\"}]}",
            "create_date": "2024-03-31T18:36:23Z",
            "description": "",
            "id": "medusa-execution-role",
            "max_session_duration": 3600,
            "name": "medusa-execution-role",
            "path": "/",
            "permissions_boundary": "",
            "role_last_used": [
              {
                "last_used_date": "",
                "region": ""
              }
            ],
            "tags": {},
            "unique_id": "AROAWHQJJ6QZGNPLBS2JB"
          },
          "sensitive_attributes": []
        }
      ]
    },
    {
      "mode": "managed",
      "type": "aws_cloudwatch_log_group",
      "name": "ecs_logs",
      "provider": "provider[\"registry.terraform.io/hashicorp/aws\"]",
      "instances": [
        {
          "schema_version": 0,
          "attributes": {
            "arn": "arn:aws:logs:us-east-1:428442514482:log-group:/ecs/medusa-cluster/medusa-service",
            "id": "/ecs/medusa-cluster/medusa-service",
            "kms_key_id": "",
            "log_group_class": "STANDARD",
            "name": "/ecs/medusa-cluster/medusa-service",
            "name_prefix": "",
            "retention_in_days": 0,
            "skip_destroy": false,
            "tags": {},
            "tags_all": {}
          },
          "sensitive_attributes": [],
          "private": "bnVsbA=="
        }
      ]
    },
    {
      "mode": "managed",
      "type": "aws_ecs_cluster",
      "name": "medusa_cluster",
      "provider": "provider[\"registry.terraform.io/hashicorp/aws\"]",
      "instances": [
        {
          "schema_version": 0,
          "attributes": {
            "arn": "arn:aws:ecs:us-east-1:428442514482:cluster/medusa-cluster",
            "configuration": [],
            "id": "arn:aws:ecs:us-east-1:428442514482:cluster/medusa-cluster",
            "name": "medusa-cluster",
            "service_connect_defaults": [],
            "setting": [],
            "tags": {},
            "tags_all": {}
          },
          "sensitive_attributes": [],
          "private": "bnVsbA==",
          "create_before_destroy": true
        }
      ]
    },
    {
      "mode": "managed",
      "type": "aws_ecs_task_definition",
      "name": "medusa_task",
      "provider": "provider[\"registry.terraform.io/hashicorp/aws\"]",
      "instances": [
        {
          "schema_version": 1,
          "attributes": {
            "arn": "arn:aws:ecs:us-east-1:428442514482:task-definition/medusa-task:2",
            "arn_without_revision": "arn:aws:ecs:us-east-1:428442514482:task-definition/medusa-task",
            "container_definitions": "[{\"cpu\":256,\"environment\":[],\"essential\":true,\"image\":\"node:latest\",\"memory\":512,\"mountPoints\":[],\"name\":\"medusa-container\",\"portMappings\":[{\"containerPort\":3000,\"hostPort\":3000,\"protocol\":\"tcp\"}],\"systemControls\":[],\"volumesFrom\":[]}]",
            "cpu": "256",
            "ephemeral_storage": [],
            "execution_role_arn": "arn:aws:iam::428442514482:role/medusa-execution-role",
            "family": "medusa-task",
            "id": "medusa-task",
            "inference_accelerator": [],
            "ipc_mode": "",
            "memory": "512",
            "network_mode": "awsvpc",
            "pid_mode": "",
            "placement_constraints": [],
            "proxy_configuration": [],
            "requires_compatibilities": [
              "FARGATE"
            ],
            "revision": 2,
            "runtime_platform": [],
            "skip_destroy": false,
            "tags": null,
            "tags_all": {},
            "task_role_arn": "",
            "track_latest": false,
            "volume": []
          },
          "sensitive_attributes": [],
          "private": "eyJzY2hlbWFfdmVyc2lvbiI6IjEifQ==",
          "dependencies": [
            "data.aws_iam_role.medusa_role"
          ],
          "create_before_destroy": true
        }
      ]
    }
  ],
  "check_results": null
}
